// !$*UTF8*$!
{
	archiveVersion = 1;
	classes = {
	};
	objectVersion = 51;
	objects = {

/* Begin PBXBuildFile section */
		172A687F236E4F53001BDE43 /* InfoSubmissionViewController.swift in Sources */ = {isa = PBXBuildFile; fileRef = 172A687E236E4F53001BDE43 /* InfoSubmissionViewController.swift */; };
		172A6882236E5230001BDE43 /* UserProvider.swift in Sources */ = {isa = PBXBuildFile; fileRef = 172A6881236E5230001BDE43 /* UserProvider.swift */; };
		172A6884236E52D8001BDE43 /* User.swift in Sources */ = {isa = PBXBuildFile; fileRef = 172A6883236E52D8001BDE43 /* User.swift */; };
		172A6886236E5E9B001BDE43 /* InfoTableViewController.swift in Sources */ = {isa = PBXBuildFile; fileRef = 172A6885236E5E9B001BDE43 /* InfoTableViewController.swift */; };
		1730A5B6236E2C270080B618 /* WebKit.framework in Frameworks */ = {isa = PBXBuildFile; fileRef = 1730A5B4236E2BEC0080B618 /* WebKit.framework */; };
		17E3928A236E0663005D94BE /* AppDelegate.swift in Sources */ = {isa = PBXBuildFile; fileRef = 17E39289236E0663005D94BE /* AppDelegate.swift */; };
		17E3928C236E0663005D94BE /* SceneDelegate.swift in Sources */ = {isa = PBXBuildFile; fileRef = 17E3928B236E0663005D94BE /* SceneDelegate.swift */; };
		17E3928E236E0663005D94BE /* MasterViewController.swift in Sources */ = {isa = PBXBuildFile; fileRef = 17E3928D236E0663005D94BE /* MasterViewController.swift */; };
		17E39290236E0663005D94BE /* DetailViewController.swift in Sources */ = {isa = PBXBuildFile; fileRef = 17E3928F236E0663005D94BE /* DetailViewController.swift */; };
		17E39293236E0663005D94BE /* Main.storyboard in Resources */ = {isa = PBXBuildFile; fileRef = 17E39291236E0663005D94BE /* Main.storyboard */; };
		17E39295236E0666005D94BE /* Assets.xcassets in Resources */ = {isa = PBXBuildFile; fileRef = 17E39294236E0666005D94BE /* Assets.xcassets */; };
		17E39298236E0666005D94BE /* LaunchScreen.storyboard in Resources */ = {isa = PBXBuildFile; fileRef = 17E39296236E0666005D94BE /* LaunchScreen.storyboard */; };
		17E392A3236E0666005D94BE /* SEWA_ConnectTests.swift in Sources */ = {isa = PBXBuildFile; fileRef = 17E392A2236E0666005D94BE /* SEWA_ConnectTests.swift */; };
		17E392AE236E0666005D94BE /* SEWA_ConnectUITests.swift in Sources */ = {isa = PBXBuildFile; fileRef = 17E392AD236E0666005D94BE /* SEWA_ConnectUITests.swift */; };
		20FA05F640EBB1CAE361DF34 /* Pods_SEWA_Connect.framework in Frameworks */ = {isa = PBXBuildFile; fileRef = EAD691DED846956496AA1700 /* Pods_SEWA_Connect.framework */; };
		22A814FF236E24C4008596DF /* FTUEViewController.swift in Sources */ = {isa = PBXBuildFile; fileRef = 22A814FE236E24C4008596DF /* FTUEViewController.swift */; };
		996D0CA8EFD9C9C2EE80D551 /* Pods_SEWA_ConnectTests.framework in Frameworks */ = {isa = PBXBuildFile; fileRef = 3F5882B1A6C4B816835F7739 /* Pods_SEWA_ConnectTests.framework */; };
		BCE71CF7B0EC649729C35086 /* Pods_SEWA_Connect_SEWA_ConnectUITests.framework in Frameworks */ = {isa = PBXBuildFile; fileRef = 5B473631E6DFD68827981F6C /* Pods_SEWA_Connect_SEWA_ConnectUITests.framework */; };
/* End PBXBuildFile section */

/* Begin PBXContainerItemProxy section */
		17E3929F236E0666005D94BE /* PBXContainerItemProxy */ = {
			isa = PBXContainerItemProxy;
			containerPortal = 17E3927E236E0663005D94BE /* Project object */;
			proxyType = 1;
			remoteGlobalIDString = 17E39285236E0663005D94BE;
			remoteInfo = "SEWA Connect";
		};
		17E392AA236E0666005D94BE /* PBXContainerItemProxy */ = {
			isa = PBXContainerItemProxy;
			containerPortal = 17E3927E236E0663005D94BE /* Project object */;
			proxyType = 1;
			remoteGlobalIDString = 17E39285236E0663005D94BE;
			remoteInfo = "SEWA Connect";
		};
/* End PBXContainerItemProxy section */

/* Begin PBXFileReference section */
		172A687E236E4F53001BDE43 /* InfoSubmissionViewController.swift */ = {isa = PBXFileReference; lastKnownFileType = sourcecode.swift; path = InfoSubmissionViewController.swift; sourceTree = "<group>"; };
		172A6881236E5230001BDE43 /* UserProvider.swift */ = {isa = PBXFileReference; lastKnownFileType = sourcecode.swift; path = UserProvider.swift; sourceTree = "<group>"; };
		172A6883236E52D8001BDE43 /* User.swift */ = {isa = PBXFileReference; lastKnownFileType = sourcecode.swift; path = User.swift; sourceTree = "<group>"; };
		172A6885236E5E9B001BDE43 /* InfoTableViewController.swift */ = {isa = PBXFileReference; lastKnownFileType = sourcecode.swift; path = InfoTableViewController.swift; sourceTree = "<group>"; };
		1730A5B4236E2BEC0080B618 /* WebKit.framework */ = {isa = PBXFileReference; lastKnownFileType = wrapper.framework; name = WebKit.framework; path = Platforms/MacOSX.platform/Developer/SDKs/MacOSX10.15.sdk/System/Library/Frameworks/WebKit.framework; sourceTree = DEVELOPER_DIR; };
		17E39286236E0663005D94BE /* SEWA Connect.app */ = {isa = PBXFileReference; explicitFileType = wrapper.application; includeInIndex = 0; path = "SEWA Connect.app"; sourceTree = BUILT_PRODUCTS_DIR; };
		17E39289236E0663005D94BE /* AppDelegate.swift */ = {isa = PBXFileReference; lastKnownFileType = sourcecode.swift; path = AppDelegate.swift; sourceTree = "<group>"; };
		17E3928B236E0663005D94BE /* SceneDelegate.swift */ = {isa = PBXFileReference; lastKnownFileType = sourcecode.swift; path = SceneDelegate.swift; sourceTree = "<group>"; };
		17E3928D236E0663005D94BE /* MasterViewController.swift */ = {isa = PBXFileReference; lastKnownFileType = sourcecode.swift; path = MasterViewController.swift; sourceTree = "<group>"; };
		17E3928F236E0663005D94BE /* DetailViewController.swift */ = {isa = PBXFileReference; lastKnownFileType = sourcecode.swift; path = DetailViewController.swift; sourceTree = "<group>"; };
		17E39292236E0663005D94BE /* Base */ = {isa = PBXFileReference; lastKnownFileType = file.storyboard; name = Base; path = Base.lproj/Main.storyboard; sourceTree = "<group>"; };
		17E39294236E0666005D94BE /* Assets.xcassets */ = {isa = PBXFileReference; lastKnownFileType = folder.assetcatalog; path = Assets.xcassets; sourceTree = "<group>"; };
		17E39297236E0666005D94BE /* Base */ = {isa = PBXFileReference; lastKnownFileType = file.storyboard; name = Base; path = Base.lproj/LaunchScreen.storyboard; sourceTree = "<group>"; };
		17E39299236E0666005D94BE /* Info.plist */ = {isa = PBXFileReference; lastKnownFileType = text.plist.xml; path = Info.plist; sourceTree = "<group>"; };
		17E3929E236E0666005D94BE /* SEWA ConnectTests.xctest */ = {isa = PBXFileReference; explicitFileType = wrapper.cfbundle; includeInIndex = 0; path = "SEWA ConnectTests.xctest"; sourceTree = BUILT_PRODUCTS_DIR; };
		17E392A2236E0666005D94BE /* SEWA_ConnectTests.swift */ = {isa = PBXFileReference; lastKnownFileType = sourcecode.swift; path = SEWA_ConnectTests.swift; sourceTree = "<group>"; };
		17E392A4236E0666005D94BE /* Info.plist */ = {isa = PBXFileReference; lastKnownFileType = text.plist.xml; path = Info.plist; sourceTree = "<group>"; };
		17E392A9236E0666005D94BE /* SEWA ConnectUITests.xctest */ = {isa = PBXFileReference; explicitFileType = wrapper.cfbundle; includeInIndex = 0; path = "SEWA ConnectUITests.xctest"; sourceTree = BUILT_PRODUCTS_DIR; };
		17E392AD236E0666005D94BE /* SEWA_ConnectUITests.swift */ = {isa = PBXFileReference; lastKnownFileType = sourcecode.swift; path = SEWA_ConnectUITests.swift; sourceTree = "<group>"; };
		17E392AF236E0666005D94BE /* Info.plist */ = {isa = PBXFileReference; lastKnownFileType = text.plist.xml; path = Info.plist; sourceTree = "<group>"; };
		1CA269764E5BD2FF9778C212 /* Pods-SEWA ConnectTests.debug.xcconfig */ = {isa = PBXFileReference; includeInIndex = 1; lastKnownFileType = text.xcconfig; name = "Pods-SEWA ConnectTests.debug.xcconfig"; path = "Target Support Files/Pods-SEWA ConnectTests/Pods-SEWA ConnectTests.debug.xcconfig"; sourceTree = "<group>"; };
		22A814FC236E1236008596DF /* SEWA Connect.entitlements */ = {isa = PBXFileReference; lastKnownFileType = text.plist.entitlements; path = "SEWA Connect.entitlements"; sourceTree = "<group>"; };
		22A814FE236E24C4008596DF /* FTUEViewController.swift */ = {isa = PBXFileReference; lastKnownFileType = sourcecode.swift; path = FTUEViewController.swift; sourceTree = "<group>"; };
		26705DA883F0B06D65BCC4BB /* Pods-SEWA Connect-SEWA ConnectUITests.debug.xcconfig */ = {isa = PBXFileReference; includeInIndex = 1; lastKnownFileType = text.xcconfig; name = "Pods-SEWA Connect-SEWA ConnectUITests.debug.xcconfig"; path = "Target Support Files/Pods-SEWA Connect-SEWA ConnectUITests/Pods-SEWA Connect-SEWA ConnectUITests.debug.xcconfig"; sourceTree = "<group>"; };
		3A3A43E449D2C5CE9A6FDFAF /* Pods-SEWA Connect.release.xcconfig */ = {isa = PBXFileReference; includeInIndex = 1; lastKnownFileType = text.xcconfig; name = "Pods-SEWA Connect.release.xcconfig"; path = "Target Support Files/Pods-SEWA Connect/Pods-SEWA Connect.release.xcconfig"; sourceTree = "<group>"; };
		3F5882B1A6C4B816835F7739 /* Pods_SEWA_ConnectTests.framework */ = {isa = PBXFileReference; explicitFileType = wrapper.framework; includeInIndex = 0; path = Pods_SEWA_ConnectTests.framework; sourceTree = BUILT_PRODUCTS_DIR; };
		5B473631E6DFD68827981F6C /* Pods_SEWA_Connect_SEWA_ConnectUITests.framework */ = {isa = PBXFileReference; explicitFileType = wrapper.framework; includeInIndex = 0; path = Pods_SEWA_Connect_SEWA_ConnectUITests.framework; sourceTree = BUILT_PRODUCTS_DIR; };
		69302323380DD9405D8F38EE /* Pods-SEWA Connect.debug.xcconfig */ = {isa = PBXFileReference; includeInIndex = 1; lastKnownFileType = text.xcconfig; name = "Pods-SEWA Connect.debug.xcconfig"; path = "Target Support Files/Pods-SEWA Connect/Pods-SEWA Connect.debug.xcconfig"; sourceTree = "<group>"; };
		6DC984283F0AB9915625E1F8 /* Pods-SEWA Connect-SEWA ConnectUITests.release.xcconfig */ = {isa = PBXFileReference; includeInIndex = 1; lastKnownFileType = text.xcconfig; name = "Pods-SEWA Connect-SEWA ConnectUITests.release.xcconfig"; path = "Target Support Files/Pods-SEWA Connect-SEWA ConnectUITests/Pods-SEWA Connect-SEWA ConnectUITests.release.xcconfig"; sourceTree = "<group>"; };
		ACC8DDBA3B9319A8726593DC /* Pods-SEWA ConnectTests.release.xcconfig */ = {isa = PBXFileReference; includeInIndex = 1; lastKnownFileType = text.xcconfig; name = "Pods-SEWA ConnectTests.release.xcconfig"; path = "Target Support Files/Pods-SEWA ConnectTests/Pods-SEWA ConnectTests.release.xcconfig"; sourceTree = "<group>"; };
		EAD691DED846956496AA1700 /* Pods_SEWA_Connect.framework */ = {isa = PBXFileReference; explicitFileType = wrapper.framework; includeInIndex = 0; path = Pods_SEWA_Connect.framework; sourceTree = BUILT_PRODUCTS_DIR; };
/* End PBXFileReference section */

/* Begin PBXFrameworksBuildPhase section */
		17E39283236E0663005D94BE /* Frameworks */ = {
			isa = PBXFrameworksBuildPhase;
			buildActionMask = 2147483647;
			files = (
				1730A5B6236E2C270080B618 /* WebKit.framework in Frameworks */,
				20FA05F640EBB1CAE361DF34 /* Pods_SEWA_Connect.framework in Frameworks */,
			);
			runOnlyForDeploymentPostprocessing = 0;
		};
		17E3929B236E0666005D94BE /* Frameworks */ = {
			isa = PBXFrameworksBuildPhase;
			buildActionMask = 2147483647;
			files = (
				996D0CA8EFD9C9C2EE80D551 /* Pods_SEWA_ConnectTests.framework in Frameworks */,
			);
			runOnlyForDeploymentPostprocessing = 0;
		};
		17E392A6236E0666005D94BE /* Frameworks */ = {
			isa = PBXFrameworksBuildPhase;
			buildActionMask = 2147483647;
			files = (
				BCE71CF7B0EC649729C35086 /* Pods_SEWA_Connect_SEWA_ConnectUITests.framework in Frameworks */,
			);
			runOnlyForDeploymentPostprocessing = 0;
		};
/* End PBXFrameworksBuildPhase section */

/* Begin PBXGroup section */
		0AB95CF7C8972642EC06C8B6 /* Pods */ = {
			isa = PBXGroup;
			children = (
				69302323380DD9405D8F38EE /* Pods-SEWA Connect.debug.xcconfig */,
				3A3A43E449D2C5CE9A6FDFAF /* Pods-SEWA Connect.release.xcconfig */,
				26705DA883F0B06D65BCC4BB /* Pods-SEWA Connect-SEWA ConnectUITests.debug.xcconfig */,
				6DC984283F0AB9915625E1F8 /* Pods-SEWA Connect-SEWA ConnectUITests.release.xcconfig */,
				1CA269764E5BD2FF9778C212 /* Pods-SEWA ConnectTests.debug.xcconfig */,
				ACC8DDBA3B9319A8726593DC /* Pods-SEWA ConnectTests.release.xcconfig */,
			);
			path = Pods;
			sourceTree = "<group>";
		};
		172A6880236E521D001BDE43 /* service */ = {
			isa = PBXGroup;
			children = (
				172A6881236E5230001BDE43 /* UserProvider.swift */,
			);
			path = service;
			sourceTree = "<group>";
		};
		17E3927D236E0663005D94BE = {
			isa = PBXGroup;
			children = (
				17E39288236E0663005D94BE /* SEWA Connect */,
				17E392A1236E0666005D94BE /* SEWA ConnectTests */,
				17E392AC236E0666005D94BE /* SEWA ConnectUITests */,
				17E39287236E0663005D94BE /* Products */,
				0AB95CF7C8972642EC06C8B6 /* Pods */,
				C8F210E3B609733E4703672D /* Frameworks */,
			);
			sourceTree = "<group>";
		};
		17E39287236E0663005D94BE /* Products */ = {
			isa = PBXGroup;
			children = (
				17E39286236E0663005D94BE /* SEWA Connect.app */,
				17E3929E236E0666005D94BE /* SEWA ConnectTests.xctest */,
				17E392A9236E0666005D94BE /* SEWA ConnectUITests.xctest */,
			);
			name = Products;
			sourceTree = "<group>";
		};
		17E39288236E0663005D94BE /* SEWA Connect */ = {
			isa = PBXGroup;
			children = (
				172A6880236E521D001BDE43 /* service */,
				22A814FD236E2428008596DF /* ui */,
				22A814FC236E1236008596DF /* SEWA Connect.entitlements */,
				17E39289236E0663005D94BE /* AppDelegate.swift */,
				17E3928B236E0663005D94BE /* SceneDelegate.swift */,
				17E3928D236E0663005D94BE /* MasterViewController.swift */,
				17E3928F236E0663005D94BE /* DetailViewController.swift */,
				17E39291236E0663005D94BE /* Main.storyboard */,
				17E39294236E0666005D94BE /* Assets.xcassets */,
				17E39296236E0666005D94BE /* LaunchScreen.storyboard */,
				17E39299236E0666005D94BE /* Info.plist */,
				172A6883236E52D8001BDE43 /* User.swift */,
			);
			path = "SEWA Connect";
			sourceTree = "<group>";
		};
		17E392A1236E0666005D94BE /* SEWA ConnectTests */ = {
			isa = PBXGroup;
			children = (
				17E392A2236E0666005D94BE /* SEWA_ConnectTests.swift */,
				17E392A4236E0666005D94BE /* Info.plist */,
			);
			path = "SEWA ConnectTests";
			sourceTree = "<group>";
		};
		17E392AC236E0666005D94BE /* SEWA ConnectUITests */ = {
			isa = PBXGroup;
			children = (
				17E392AD236E0666005D94BE /* SEWA_ConnectUITests.swift */,
				17E392AF236E0666005D94BE /* Info.plist */,
			);
			path = "SEWA ConnectUITests";
			sourceTree = "<group>";
		};
		22A814FD236E2428008596DF /* ui */ = {
			isa = PBXGroup;
			children = (
				22A814FE236E24C4008596DF /* FTUEViewController.swift */,
				172A687E236E4F53001BDE43 /* InfoSubmissionViewController.swift */,
				172A6885236E5E9B001BDE43 /* InfoTableViewController.swift */,
			);
			path = ui;
			sourceTree = "<group>";
		};
		C8F210E3B609733E4703672D /* Frameworks */ = {
			isa = PBXGroup;
			children = (
				1730A5B4236E2BEC0080B618 /* WebKit.framework */,
				EAD691DED846956496AA1700 /* Pods_SEWA_Connect.framework */,
				5B473631E6DFD68827981F6C /* Pods_SEWA_Connect_SEWA_ConnectUITests.framework */,
				3F5882B1A6C4B816835F7739 /* Pods_SEWA_ConnectTests.framework */,
			);
			name = Frameworks;
			sourceTree = "<group>";
		};
/* End PBXGroup section */

/* Begin PBXNativeTarget section */
		17E39285236E0663005D94BE /* SEWA Connect */ = {
			isa = PBXNativeTarget;
			buildConfigurationList = 17E392B2236E0666005D94BE /* Build configuration list for PBXNativeTarget "SEWA Connect" */;
			buildPhases = (
				27DCAB92B88E8A69D257C163 /* [CP] Check Pods Manifest.lock */,
				17E39282236E0663005D94BE /* Sources */,
				17E39283236E0663005D94BE /* Frameworks */,
				17E39284236E0663005D94BE /* Resources */,
				D6F1DF7206BC8ED31561B461 /* [CP] Embed Pods Frameworks */,
			);
			buildRules = (
			);
			dependencies = (
			);
			name = "SEWA Connect";
			productName = "SEWA Connect";
			productReference = 17E39286236E0663005D94BE /* SEWA Connect.app */;
			productType = "com.apple.product-type.application";
		};
		17E3929D236E0666005D94BE /* SEWA ConnectTests */ = {
			isa = PBXNativeTarget;
			buildConfigurationList = 17E392B5236E0666005D94BE /* Build configuration list for PBXNativeTarget "SEWA ConnectTests" */;
			buildPhases = (
				2F0F2C7FC17582AB3CC084D3 /* [CP] Check Pods Manifest.lock */,
				17E3929A236E0666005D94BE /* Sources */,
				17E3929B236E0666005D94BE /* Frameworks */,
				17E3929C236E0666005D94BE /* Resources */,
			);
			buildRules = (
			);
			dependencies = (
				17E392A0236E0666005D94BE /* PBXTargetDependency */,
			);
			name = "SEWA ConnectTests";
			productName = "SEWA ConnectTests";
			productReference = 17E3929E236E0666005D94BE /* SEWA ConnectTests.xctest */;
			productType = "com.apple.product-type.bundle.unit-test";
		};
		17E392A8236E0666005D94BE /* SEWA ConnectUITests */ = {
			isa = PBXNativeTarget;
			buildConfigurationList = 17E392B8236E0666005D94BE /* Build configuration list for PBXNativeTarget "SEWA ConnectUITests" */;
			buildPhases = (
				67D48CB4C8DBEB667C2734F4 /* [CP] Check Pods Manifest.lock */,
				17E392A5236E0666005D94BE /* Sources */,
				17E392A6236E0666005D94BE /* Frameworks */,
				17E392A7236E0666005D94BE /* Resources */,
				8BD13A856EFA47E34B2A9DBB /* [CP] Embed Pods Frameworks */,
			);
			buildRules = (
			);
			dependencies = (
				17E392AB236E0666005D94BE /* PBXTargetDependency */,
			);
			name = "SEWA ConnectUITests";
			productName = "SEWA ConnectUITests";
			productReference = 17E392A9236E0666005D94BE /* SEWA ConnectUITests.xctest */;
			productType = "com.apple.product-type.bundle.ui-testing";
		};
/* End PBXNativeTarget section */

/* Begin PBXProject section */
		17E3927E236E0663005D94BE /* Project object */ = {
			isa = PBXProject;
			attributes = {
				LastSwiftUpdateCheck = 1110;
				LastUpgradeCheck = 1110;
				ORGANIZATIONNAME = JHK_Development;
				TargetAttributes = {
					17E39285236E0663005D94BE = {
						CreatedOnToolsVersion = 11.1;
					};
					17E3929D236E0666005D94BE = {
						CreatedOnToolsVersion = 11.1;
						TestTargetID = 17E39285236E0663005D94BE;
					};
					17E392A8236E0666005D94BE = {
						CreatedOnToolsVersion = 11.1;
						TestTargetID = 17E39285236E0663005D94BE;
					};
				};
			};
			buildConfigurationList = 17E39281236E0663005D94BE /* Build configuration list for PBXProject "SEWA Connect" */;
			compatibilityVersion = "Xcode 9.3";
			developmentRegion = en;
			hasScannedForEncodings = 0;
			knownRegions = (
				en,
				Base,
			);
			mainGroup = 17E3927D236E0663005D94BE;
			productRefGroup = 17E39287236E0663005D94BE /* Products */;
			projectDirPath = "";
			projectRoot = "";
			targets = (
				17E39285236E0663005D94BE /* SEWA Connect */,
				17E3929D236E0666005D94BE /* SEWA ConnectTests */,
				17E392A8236E0666005D94BE /* SEWA ConnectUITests */,
			);
		};
/* End PBXProject section */

/* Begin PBXResourcesBuildPhase section */
		17E39284236E0663005D94BE /* Resources */ = {
			isa = PBXResourcesBuildPhase;
			buildActionMask = 2147483647;
			files = (
				17E39298236E0666005D94BE /* LaunchScreen.storyboard in Resources */,
				17E39295236E0666005D94BE /* Assets.xcassets in Resources */,
				17E39293236E0663005D94BE /* Main.storyboard in Resources */,
			);
			runOnlyForDeploymentPostprocessing = 0;
		};
		17E3929C236E0666005D94BE /* Resources */ = {
			isa = PBXResourcesBuildPhase;
			buildActionMask = 2147483647;
			files = (
			);
			runOnlyForDeploymentPostprocessing = 0;
		};
		17E392A7236E0666005D94BE /* Resources */ = {
			isa = PBXResourcesBuildPhase;
			buildActionMask = 2147483647;
			files = (
			);
			runOnlyForDeploymentPostprocessing = 0;
		};
/* End PBXResourcesBuildPhase section */

/* Begin PBXShellScriptBuildPhase section */
		27DCAB92B88E8A69D257C163 /* [CP] Check Pods Manifest.lock */ = {
			isa = PBXShellScriptBuildPhase;
			buildActionMask = 2147483647;
			files = (
			);
			inputFileListPaths = (
			);
			inputPaths = (
				"${PODS_PODFILE_DIR_PATH}/Podfile.lock",
				"${PODS_ROOT}/Manifest.lock",
			);
			name = "[CP] Check Pods Manifest.lock";
			outputFileListPaths = (
			);
			outputPaths = (
				"$(DERIVED_FILE_DIR)/Pods-SEWA Connect-checkManifestLockResult.txt",
			);
			runOnlyForDeploymentPostprocessing = 0;
			shellPath = /bin/sh;
			shellScript = "diff \"${PODS_PODFILE_DIR_PATH}/Podfile.lock\" \"${PODS_ROOT}/Manifest.lock\" > /dev/null\nif [ $? != 0 ] ; then\n    # print error to STDERR\n    echo \"error: The sandbox is not in sync with the Podfile.lock. Run 'pod install' or update your CocoaPods installation.\" >&2\n    exit 1\nfi\n# This output is used by Xcode 'outputs' to avoid re-running this script phase.\necho \"SUCCESS\" > \"${SCRIPT_OUTPUT_FILE_0}\"\n";
			showEnvVarsInLog = 0;
		};
		2F0F2C7FC17582AB3CC084D3 /* [CP] Check Pods Manifest.lock */ = {
			isa = PBXShellScriptBuildPhase;
			buildActionMask = 2147483647;
			files = (
			);
			inputFileListPaths = (
			);
			inputPaths = (
				"${PODS_PODFILE_DIR_PATH}/Podfile.lock",
				"${PODS_ROOT}/Manifest.lock",
			);
			name = "[CP] Check Pods Manifest.lock";
			outputFileListPaths = (
			);
			outputPaths = (
				"$(DERIVED_FILE_DIR)/Pods-SEWA ConnectTests-checkManifestLockResult.txt",
			);
			runOnlyForDeploymentPostprocessing = 0;
			shellPath = /bin/sh;
			shellScript = "diff \"${PODS_PODFILE_DIR_PATH}/Podfile.lock\" \"${PODS_ROOT}/Manifest.lock\" > /dev/null\nif [ $? != 0 ] ; then\n    # print error to STDERR\n    echo \"error: The sandbox is not in sync with the Podfile.lock. Run 'pod install' or update your CocoaPods installation.\" >&2\n    exit 1\nfi\n# This output is used by Xcode 'outputs' to avoid re-running this script phase.\necho \"SUCCESS\" > \"${SCRIPT_OUTPUT_FILE_0}\"\n";
			showEnvVarsInLog = 0;
		};
		67D48CB4C8DBEB667C2734F4 /* [CP] Check Pods Manifest.lock */ = {
			isa = PBXShellScriptBuildPhase;
			buildActionMask = 2147483647;
			files = (
			);
			inputFileListPaths = (
			);
			inputPaths = (
				"${PODS_PODFILE_DIR_PATH}/Podfile.lock",
				"${PODS_ROOT}/Manifest.lock",
			);
			name = "[CP] Check Pods Manifest.lock";
			outputFileListPaths = (
			);
			outputPaths = (
				"$(DERIVED_FILE_DIR)/Pods-SEWA Connect-SEWA ConnectUITests-checkManifestLockResult.txt",
			);
			runOnlyForDeploymentPostprocessing = 0;
			shellPath = /bin/sh;
			shellScript = "diff \"${PODS_PODFILE_DIR_PATH}/Podfile.lock\" \"${PODS_ROOT}/Manifest.lock\" > /dev/null\nif [ $? != 0 ] ; then\n    # print error to STDERR\n    echo \"error: The sandbox is not in sync with the Podfile.lock. Run 'pod install' or update your CocoaPods installation.\" >&2\n    exit 1\nfi\n# This output is used by Xcode 'outputs' to avoid re-running this script phase.\necho \"SUCCESS\" > \"${SCRIPT_OUTPUT_FILE_0}\"\n";
			showEnvVarsInLog = 0;
		};
		8BD13A856EFA47E34B2A9DBB /* [CP] Embed Pods Frameworks */ = {
			isa = PBXShellScriptBuildPhase;
			buildActionMask = 2147483647;
			files = (
			);
			inputFileListPaths = (
				"${PODS_ROOT}/Target Support Files/Pods-SEWA Connect-SEWA ConnectUITests/Pods-SEWA Connect-SEWA ConnectUITests-frameworks-${CONFIGURATION}-input-files.xcfilelist",
			);
			name = "[CP] Embed Pods Frameworks";
			outputFileListPaths = (
				"${PODS_ROOT}/Target Support Files/Pods-SEWA Connect-SEWA ConnectUITests/Pods-SEWA Connect-SEWA ConnectUITests-frameworks-${CONFIGURATION}-output-files.xcfilelist",
			);
			runOnlyForDeploymentPostprocessing = 0;
			shellPath = /bin/sh;
			shellScript = "\"${PODS_ROOT}/Target Support Files/Pods-SEWA Connect-SEWA ConnectUITests/Pods-SEWA Connect-SEWA ConnectUITests-frameworks.sh\"\n";
			showEnvVarsInLog = 0;
		};
		D6F1DF7206BC8ED31561B461 /* [CP] Embed Pods Frameworks */ = {
			isa = PBXShellScriptBuildPhase;
			buildActionMask = 2147483647;
			files = (
			);
			inputFileListPaths = (
				"${PODS_ROOT}/Target Support Files/Pods-SEWA Connect/Pods-SEWA Connect-frameworks-${CONFIGURATION}-input-files.xcfilelist",
			);
			name = "[CP] Embed Pods Frameworks";
			outputFileListPaths = (
				"${PODS_ROOT}/Target Support Files/Pods-SEWA Connect/Pods-SEWA Connect-frameworks-${CONFIGURATION}-output-files.xcfilelist",
			);
			runOnlyForDeploymentPostprocessing = 0;
			shellPath = /bin/sh;
			shellScript = "\"${PODS_ROOT}/Target Support Files/Pods-SEWA Connect/Pods-SEWA Connect-frameworks.sh\"\n";
			showEnvVarsInLog = 0;
		};
/* End PBXShellScriptBuildPhase section */

/* Begin PBXSourcesBuildPhase section */
		17E39282236E0663005D94BE /* Sources */ = {
			isa = PBXSourcesBuildPhase;
			buildActionMask = 2147483647;
			files = (
				22A814FF236E24C4008596DF /* FTUEViewController.swift in Sources */,
				172A687F236E4F53001BDE43 /* InfoSubmissionViewController.swift in Sources */,
				17E3928A236E0663005D94BE /* AppDelegate.swift in Sources */,
				172A6886236E5E9B001BDE43 /* InfoTableViewController.swift in Sources */,
				17E3928C236E0663005D94BE /* SceneDelegate.swift in Sources */,
				172A6884236E52D8001BDE43 /* User.swift in Sources */,
				172A6882236E5230001BDE43 /* UserProvider.swift in Sources */,
				17E3928E236E0663005D94BE /* MasterViewController.swift in Sources */,
				17E39290236E0663005D94BE /* DetailViewController.swift in Sources */,
			);
			runOnlyForDeploymentPostprocessing = 0;
		};
		17E3929A236E0666005D94BE /* Sources */ = {
			isa = PBXSourcesBuildPhase;
			buildActionMask = 2147483647;
			files = (
				17E392A3236E0666005D94BE /* SEWA_ConnectTests.swift in Sources */,
			);
			runOnlyForDeploymentPostprocessing = 0;
		};
		17E392A5236E0666005D94BE /* Sources */ = {
			isa = PBXSourcesBuildPhase;
			buildActionMask = 2147483647;
			files = (
				17E392AE236E0666005D94BE /* SEWA_ConnectUITests.swift in Sources */,
			);
			runOnlyForDeploymentPostprocessing = 0;
		};
/* End PBXSourcesBuildPhase section */

/* Begin PBXTargetDependency section */
		17E392A0236E0666005D94BE /* PBXTargetDependency */ = {
			isa = PBXTargetDependency;
			target = 17E39285236E0663005D94BE /* SEWA Connect */;
			targetProxy = 17E3929F236E0666005D94BE /* PBXContainerItemProxy */;
		};
		17E392AB236E0666005D94BE /* PBXTargetDependency */ = {
			isa = PBXTargetDependency;
			target = 17E39285236E0663005D94BE /* SEWA Connect */;
			targetProxy = 17E392AA236E0666005D94BE /* PBXContainerItemProxy */;
		};
/* End PBXTargetDependency section */

/* Begin PBXVariantGroup section */
		17E39291236E0663005D94BE /* Main.storyboard */ = {
			isa = PBXVariantGroup;
			children = (
				17E39292236E0663005D94BE /* Base */,
			);
			name = Main.storyboard;
			sourceTree = "<group>";
		};
		17E39296236E0666005D94BE /* LaunchScreen.storyboard */ = {
			isa = PBXVariantGroup;
			children = (
				17E39297236E0666005D94BE /* Base */,
			);
			name = LaunchScreen.storyboard;
			sourceTree = "<group>";
		};
/* End PBXVariantGroup section */

/* Begin XCBuildConfiguration section */
		17E392B0236E0666005D94BE /* Debug */ = {
			isa = XCBuildConfiguration;
			buildSettings = {
				ALWAYS_SEARCH_USER_PATHS = NO;
				CLANG_ANALYZER_NONNULL = YES;
				CLANG_ANALYZER_NUMBER_OBJECT_CONVERSION = YES_AGGRESSIVE;
				CLANG_CXX_LANGUAGE_STANDARD = "gnu++14";
				CLANG_CXX_LIBRARY = "libc++";
				CLANG_ENABLE_MODULES = YES;
				CLANG_ENABLE_OBJC_ARC = YES;
				CLANG_ENABLE_OBJC_WEAK = YES;
				CLANG_WARN_BLOCK_CAPTURE_AUTORELEASING = YES;
				CLANG_WARN_BOOL_CONVERSION = YES;
				CLANG_WARN_COMMA = YES;
				CLANG_WARN_CONSTANT_CONVERSION = YES;
				CLANG_WARN_DEPRECATED_OBJC_IMPLEMENTATIONS = YES;
				CLANG_WARN_DIRECT_OBJC_ISA_USAGE = YES_ERROR;
				CLANG_WARN_DOCUMENTATION_COMMENTS = YES;
				CLANG_WARN_EMPTY_BODY = YES;
				CLANG_WARN_ENUM_CONVERSION = YES;
				CLANG_WARN_INFINITE_RECURSION = YES;
				CLANG_WARN_INT_CONVERSION = YES;
				CLANG_WARN_NON_LITERAL_NULL_CONVERSION = YES;
				CLANG_WARN_OBJC_IMPLICIT_RETAIN_SELF = YES;
				CLANG_WARN_OBJC_LITERAL_CONVERSION = YES;
				CLANG_WARN_OBJC_ROOT_CLASS = YES_ERROR;
				CLANG_WARN_RANGE_LOOP_ANALYSIS = YES;
				CLANG_WARN_STRICT_PROTOTYPES = YES;
				CLANG_WARN_SUSPICIOUS_MOVE = YES;
				CLANG_WARN_UNGUARDED_AVAILABILITY = YES_AGGRESSIVE;
				CLANG_WARN_UNREACHABLE_CODE = YES;
				CLANG_WARN__DUPLICATE_METHOD_MATCH = YES;
				COPY_PHASE_STRIP = NO;
				DEBUG_INFORMATION_FORMAT = dwarf;
				ENABLE_STRICT_OBJC_MSGSEND = YES;
				ENABLE_TESTABILITY = YES;
				GCC_C_LANGUAGE_STANDARD = gnu11;
				GCC_DYNAMIC_NO_PIC = NO;
				GCC_NO_COMMON_BLOCKS = YES;
				GCC_OPTIMIZATION_LEVEL = 0;
				GCC_PREPROCESSOR_DEFINITIONS = (
					"DEBUG=1",
					"$(inherited)",
				);
				GCC_WARN_64_TO_32_BIT_CONVERSION = YES;
				GCC_WARN_ABOUT_RETURN_TYPE = YES_ERROR;
				GCC_WARN_UNDECLARED_SELECTOR = YES;
				GCC_WARN_UNINITIALIZED_AUTOS = YES_AGGRESSIVE;
				GCC_WARN_UNUSED_FUNCTION = YES;
				GCC_WARN_UNUSED_VARIABLE = YES;
				IPHONEOS_DEPLOYMENT_TARGET = 13.1;
				MTL_ENABLE_DEBUG_INFO = INCLUDE_SOURCE;
				MTL_FAST_MATH = YES;
				ONLY_ACTIVE_ARCH = YES;
				SDKROOT = iphoneos;
				SWIFT_ACTIVE_COMPILATION_CONDITIONS = DEBUG;
				SWIFT_OPTIMIZATION_LEVEL = "-Onone";
			};
			name = Debug;
		};
		17E392B1236E0666005D94BE /* Release */ = {
			isa = XCBuildConfiguration;
			buildSettings = {
				ALWAYS_SEARCH_USER_PATHS = NO;
				CLANG_ANALYZER_NONNULL = YES;
				CLANG_ANALYZER_NUMBER_OBJECT_CONVERSION = YES_AGGRESSIVE;
				CLANG_CXX_LANGUAGE_STANDARD = "gnu++14";
				CLANG_CXX_LIBRARY = "libc++";
				CLANG_ENABLE_MODULES = YES;
				CLANG_ENABLE_OBJC_ARC = YES;
				CLANG_ENABLE_OBJC_WEAK = YES;
				CLANG_WARN_BLOCK_CAPTURE_AUTORELEASING = YES;
				CLANG_WARN_BOOL_CONVERSION = YES;
				CLANG_WARN_COMMA = YES;
				CLANG_WARN_CONSTANT_CONVERSION = YES;
				CLANG_WARN_DEPRECATED_OBJC_IMPLEMENTATIONS = YES;
				CLANG_WARN_DIRECT_OBJC_ISA_USAGE = YES_ERROR;
				CLANG_WARN_DOCUMENTATION_COMMENTS = YES;
				CLANG_WARN_EMPTY_BODY = YES;
				CLANG_WARN_ENUM_CONVERSION = YES;
				CLANG_WARN_INFINITE_RECURSION = YES;
				CLANG_WARN_INT_CONVERSION = YES;
				CLANG_WARN_NON_LITERAL_NULL_CONVERSION = YES;
				CLANG_WARN_OBJC_IMPLICIT_RETAIN_SELF = YES;
				CLANG_WARN_OBJC_LITERAL_CONVERSION = YES;
				CLANG_WARN_OBJC_ROOT_CLASS = YES_ERROR;
				CLANG_WARN_RANGE_LOOP_ANALYSIS = YES;
				CLANG_WARN_STRICT_PROTOTYPES = YES;
				CLANG_WARN_SUSPICIOUS_MOVE = YES;
				CLANG_WARN_UNGUARDED_AVAILABILITY = YES_AGGRESSIVE;
				CLANG_WARN_UNREACHABLE_CODE = YES;
				CLANG_WARN__DUPLICATE_METHOD_MATCH = YES;
				COPY_PHASE_STRIP = NO;
				DEBUG_INFORMATION_FORMAT = "dwarf-with-dsym";
				ENABLE_NS_ASSERTIONS = NO;
				ENABLE_STRICT_OBJC_MSGSEND = YES;
				GCC_C_LANGUAGE_STANDARD = gnu11;
				GCC_NO_COMMON_BLOCKS = YES;
				GCC_WARN_64_TO_32_BIT_CONVERSION = YES;
				GCC_WARN_ABOUT_RETURN_TYPE = YES_ERROR;
				GCC_WARN_UNDECLARED_SELECTOR = YES;
				GCC_WARN_UNINITIALIZED_AUTOS = YES_AGGRESSIVE;
				GCC_WARN_UNUSED_FUNCTION = YES;
				GCC_WARN_UNUSED_VARIABLE = YES;
				IPHONEOS_DEPLOYMENT_TARGET = 13.1;
				MTL_ENABLE_DEBUG_INFO = NO;
				MTL_FAST_MATH = YES;
				SDKROOT = iphoneos;
				SWIFT_COMPILATION_MODE = wholemodule;
				SWIFT_OPTIMIZATION_LEVEL = "-O";
				VALIDATE_PRODUCT = YES;
			};
			name = Release;
		};
		17E392B3236E0666005D94BE /* Debug */ = {
			isa = XCBuildConfiguration;
			baseConfigurationReference = 69302323380DD9405D8F38EE /* Pods-SEWA Connect.debug.xcconfig */;
			buildSettings = {
				ASSETCATALOG_COMPILER_APPICON_NAME = AppIcon;
				CODE_SIGN_IDENTITY = "Apple Development";
				"CODE_SIGN_IDENTITY[sdk=macosx*]" = "Apple Development";
				CODE_SIGN_STYLE = Automatic;
				DERIVE_MACCATALYST_PRODUCT_BUNDLE_IDENTIFIER = YES;
				DEVELOPMENT_TEAM = D684833V59;
				INFOPLIST_FILE = "SEWA Connect/Info.plist";
				LD_RUNPATH_SEARCH_PATHS = (
					"$(inherited)",
					"@executable_path/Frameworks",
				);
				PRODUCT_BUNDLE_IDENTIFIER = "com.jhk.SEWA-Connect";
				PRODUCT_NAME = "$(TARGET_NAME)";
				PROVISIONING_PROFILE_SPECIFIER = "";
				"PROVISIONING_PROFILE_SPECIFIER[sdk=macosx*]" = "";
				SUPPORTS_MACCATALYST = NO;
				SWIFT_VERSION = 5.0;
				TARGETED_DEVICE_FAMILY = "1,2";
			};
			name = Debug;
		};
		17E392B4236E0666005D94BE /* Release */ = {
			isa = XCBuildConfiguration;
			baseConfigurationReference = 3A3A43E449D2C5CE9A6FDFAF /* Pods-SEWA Connect.release.xcconfig */;
			buildSettings = {
				ASSETCATALOG_COMPILER_APPICON_NAME = AppIcon;
				CODE_SIGN_IDENTITY = "Apple Development";
				"CODE_SIGN_IDENTITY[sdk=macosx*]" = "Apple Development";
				CODE_SIGN_STYLE = Automatic;
				DERIVE_MACCATALYST_PRODUCT_BUNDLE_IDENTIFIER = YES;
				DEVELOPMENT_TEAM = D684833V59;
				INFOPLIST_FILE = "SEWA Connect/Info.plist";
				LD_RUNPATH_SEARCH_PATHS = (
					"$(inherited)",
					"@executable_path/Frameworks",
				);
				PRODUCT_BUNDLE_IDENTIFIER = "com.jhk.SEWA-Connect";
				PRODUCT_NAME = "$(TARGET_NAME)";
				PROVISIONING_PROFILE_SPECIFIER = "";
				"PROVISIONING_PROFILE_SPECIFIER[sdk=macosx*]" = "";
				SUPPORTS_MACCATALYST = NO;
				SWIFT_VERSION = 5.0;
				TARGETED_DEVICE_FAMILY = "1,2";
			};
			name = Release;
		};
		17E392B6236E0666005D94BE /* Debug */ = {
			isa = XCBuildConfiguration;
			baseConfigurationReference = 1CA269764E5BD2FF9778C212 /* Pods-SEWA ConnectTests.debug.xcconfig */;
			buildSettings = {
				ALWAYS_EMBED_SWIFT_STANDARD_LIBRARIES = YES;
				BUNDLE_LOADER = "$(TEST_HOST)";
				CODE_SIGN_STYLE = Automatic;
				DEVELOPMENT_TEAM = D684833V59;
				INFOPLIST_FILE = "SEWA ConnectTests/Info.plist";
				IPHONEOS_DEPLOYMENT_TARGET = 13.1;
				LD_RUNPATH_SEARCH_PATHS = (
					"$(inherited)",
					"@executable_path/Frameworks",
					"@loader_path/Frameworks",
				);
				PRODUCT_BUNDLE_IDENTIFIER = "com.jhk.SEWA-ConnectTests";
				PRODUCT_NAME = "$(TARGET_NAME)";
				SWIFT_VERSION = 5.0;
				TARGETED_DEVICE_FAMILY = "1,2";
				TEST_HOST = "$(BUILT_PRODUCTS_DIR)/SEWA Connect.app/SEWA Connect";
			};
			name = Debug;
		};
		17E392B7236E0666005D94BE /* Release */ = {
			isa = XCBuildConfiguration;
			baseConfigurationReference = ACC8DDBA3B9319A8726593DC /* Pods-SEWA ConnectTests.release.xcconfig */;
			buildSettings = {
				ALWAYS_EMBED_SWIFT_STANDARD_LIBRARIES = YES;
				BUNDLE_LOADER = "$(TEST_HOST)";
				CODE_SIGN_STYLE = Automatic;
				DEVELOPMENT_TEAM = D684833V59;
				INFOPLIST_FILE = "SEWA ConnectTests/Info.plist";
				IPHONEOS_DEPLOYMENT_TARGET = 13.1;
				LD_RUNPATH_SEARCH_PATHS = (
					"$(inherited)",
					"@executable_path/Frameworks",
					"@loader_path/Frameworks",
				);
				PRODUCT_BUNDLE_IDENTIFIER = "com.jhk.SEWA-ConnectTests";
				PRODUCT_NAME = "$(TARGET_NAME)";
				SWIFT_VERSION = 5.0;
				TARGETED_DEVICE_FAMILY = "1,2";
				TEST_HOST = "$(BUILT_PRODUCTS_DIR)/SEWA Connect.app/SEWA Connect";
			};
			name = Release;
		};
		17E392B9236E0666005D94BE /* Debug */ = {
			isa = XCBuildConfiguration;
			baseConfigurationReference = 26705DA883F0B06D65BCC4BB /* Pods-SEWA Connect-SEWA ConnectUITests.debug.xcconfig */;
			buildSettings = {
				ALWAYS_EMBED_SWIFT_STANDARD_LIBRARIES = YES;
				CODE_SIGN_STYLE = Automatic;
				DEVELOPMENT_TEAM = D684833V59;
				INFOPLIST_FILE = "SEWA ConnectUITests/Info.plist";
				LD_RUNPATH_SEARCH_PATHS = (
					"$(inherited)",
					"@executable_path/Frameworks",
					"@loader_path/Frameworks",
				);
				PRODUCT_BUNDLE_IDENTIFIER = "com.jhk.SEWA-ConnectUITests";
				PRODUCT_NAME = "$(TARGET_NAME)";
				SWIFT_VERSION = 5.0;
				TARGETED_DEVICE_FAMILY = "1,2";
				TEST_TARGET_NAME = "SEWA Connect";
			};
			name = Debug;
		};
		17E392BA236E0666005D94BE /* Release */ = {
			isa = XCBuildConfiguration;
			baseConfigurationReference = 6DC984283F0AB9915625E1F8 /* Pods-SEWA Connect-SEWA ConnectUITests.release.xcconfig */;
			buildSettings = {
				ALWAYS_EMBED_SWIFT_STANDARD_LIBRARIES = YES;
				CODE_SIGN_STYLE = Automatic;
				DEVELOPMENT_TEAM = D684833V59;
				INFOPLIST_FILE = "SEWA ConnectUITests/Info.plist";
				LD_RUNPATH_SEARCH_PATHS = (
					"$(inherited)",
					"@executable_path/Frameworks",
					"@loader_path/Frameworks",
				);
				PRODUCT_BUNDLE_IDENTIFIER = "com.jhk.SEWA-ConnectUITests";
				PRODUCT_NAME = "$(TARGET_NAME)";
				SWIFT_VERSION = 5.0;
				TARGETED_DEVICE_FAMILY = "1,2";
				TEST_TARGET_NAME = "SEWA Connect";
			};
			name = Release;
		};
/* End XCBuildConfiguration section */

/* Begin XCConfigurationList section */
		17E39281236E0663005D94BE /* Build configuration list for PBXProject "SEWA Connect" */ = {
			isa = XCConfigurationList;
			buildConfigurations = (
				17E392B0236E0666005D94BE /* Debug */,
				17E392B1236E0666005D94BE /* Release */,
			);
			defaultConfigurationIsVisible = 0;
			defaultConfigurationName = Release;
		};
		17E392B2236E0666005D94BE /* Build configuration list for PBXNativeTarget "SEWA Connect" */ = {
			isa = XCConfigurationList;
			buildConfigurations = (
				17E392B3236E0666005D94BE /* Debug */,
				17E392B4236E0666005D94BE /* Release */,
			);
			defaultConfigurationIsVisible = 0;
			defaultConfigurationName = Release;
		};
		17E392B5236E0666005D94BE /* Build configuration list for PBXNativeTarget "SEWA ConnectTests" */ = {
			isa = XCConfigurationList;
			buildConfigurations = (
				17E392B6236E0666005D94BE /* Debug */,
				17E392B7236E0666005D94BE /* Release */,
			);
			defaultConfigurationIsVisible = 0;
			defaultConfigurationName = Release;
		};
		17E392B8236E0666005D94BE /* Build configuration list for PBXNativeTarget "SEWA ConnectUITests" */ = {
			isa = XCConfigurationList;
			buildConfigurations = (
				17E392B9236E0666005D94BE /* Debug */,
				17E392BA236E0666005D94BE /* Release */,
			);
			defaultConfigurationIsVisible = 0;
			defaultConfigurationName = Release;
		};
/* End XCConfigurationList section */
	};
	rootObject = 17E3927E236E0663005D94BE /* Project object */;
}
